// !$*UTF8*$!
{
	archiveVersion = 1;
	classes = {
	};
	objectVersion = 48;
	objects = {

/* Begin PBXBuildFile section */
		8D38CDC794D6BCF5E8120DC8 /* Pods_LinkedInIOSHelperSwiftDemo.framework in Frameworks */ = {isa = PBXBuildFile; fileRef = 18B65AB82C3B4597BA581E18 /* Pods_LinkedInIOSHelperSwiftDemo.framework */; };
		C360CE271FBF0D0D0037131A /* AppDelegate.swift in Sources */ = {isa = PBXBuildFile; fileRef = C360CE261FBF0D0D0037131A /* AppDelegate.swift */; };
		C360CE291FBF0D0D0037131A /* ViewController.swift in Sources */ = {isa = PBXBuildFile; fileRef = C360CE281FBF0D0D0037131A /* ViewController.swift */; };
		C360CE2C1FBF0D0D0037131A /* Main.storyboard in Resources */ = {isa = PBXBuildFile; fileRef = C360CE2A1FBF0D0D0037131A /* Main.storyboard */; };
		C360CE2E1FBF0D0D0037131A /* Assets.xcassets in Resources */ = {isa = PBXBuildFile; fileRef = C360CE2D1FBF0D0D0037131A /* Assets.xcassets */; };
		C360CE311FBF0D0D0037131A /* LaunchScreen.storyboard in Resources */ = {isa = PBXBuildFile; fileRef = C360CE2F1FBF0D0D0037131A /* LaunchScreen.storyboard */; };
/* End PBXBuildFile section */

/* Begin PBXFileReference section */
		18B65AB82C3B4597BA581E18 /* Pods_LinkedInIOSHelperSwiftDemo.framework */ = {isa = PBXFileReference; explicitFileType = wrapper.framework; includeInIndex = 0; path = Pods_LinkedInIOSHelperSwiftDemo.framework; sourceTree = BUILT_PRODUCTS_DIR; };
		2C5FC6390776BE4AD8C61C74 /* Pods-LinkedInIOSHelperSwiftDemo.release.xcconfig */ = {isa = PBXFileReference; includeInIndex = 1; lastKnownFileType = text.xcconfig; name = "Pods-LinkedInIOSHelperSwiftDemo.release.xcconfig"; path = "Pods/Target Support Files/Pods-LinkedInIOSHelperSwiftDemo/Pods-LinkedInIOSHelperSwiftDemo.release.xcconfig"; sourceTree = "<group>"; };
		2CC9093AFE663DF983408A7D /* Pods-LinkedInIOSHelperSwiftDemo.debug.xcconfig */ = {isa = PBXFileReference; includeInIndex = 1; lastKnownFileType = text.xcconfig; name = "Pods-LinkedInIOSHelperSwiftDemo.debug.xcconfig"; path = "Pods/Target Support Files/Pods-LinkedInIOSHelperSwiftDemo/Pods-LinkedInIOSHelperSwiftDemo.debug.xcconfig"; sourceTree = "<group>"; };
		C360CE231FBF0D0D0037131A /* LinkedInIOSHelperSwiftDemo.app */ = {isa = PBXFileReference; explicitFileType = wrapper.application; includeInIndex = 0; path = LinkedInIOSHelperSwiftDemo.app; sourceTree = BUILT_PRODUCTS_DIR; };
		C360CE261FBF0D0D0037131A /* AppDelegate.swift */ = {isa = PBXFileReference; lastKnownFileType = sourcecode.swift; path = AppDelegate.swift; sourceTree = "<group>"; };
		C360CE281FBF0D0D0037131A /* ViewController.swift */ = {isa = PBXFileReference; lastKnownFileType = sourcecode.swift; path = ViewController.swift; sourceTree = "<group>"; };
		C360CE2B1FBF0D0D0037131A /* Base */ = {isa = PBXFileReference; lastKnownFileType = file.storyboard; name = Base; path = Base.lproj/Main.storyboard; sourceTree = "<group>"; };
		C360CE2D1FBF0D0D0037131A /* Assets.xcassets */ = {isa = PBXFileReference; lastKnownFileType = folder.assetcatalog; path = Assets.xcassets; sourceTree = "<group>"; };
		C360CE301FBF0D0D0037131A /* Base */ = {isa = PBXFileReference; lastKnownFileType = file.storyboard; name = Base; path = Base.lproj/LaunchScreen.storyboard; sourceTree = "<group>"; };
		C360CE321FBF0D0D0037131A /* Info.plist */ = {isa = PBXFileReference; lastKnownFileType = text.plist.xml; path = Info.plist; sourceTree = "<group>"; };
		C360CE3A1FBF0E2C0037131A /* LinkedInIOSHelperSwiftDemo-Bridging-Header.h */ = {isa = PBXFileReference; lastKnownFileType = sourcecode.c.h; path = "LinkedInIOSHelperSwiftDemo-Bridging-Header.h"; sourceTree = "<group>"; };
/* End PBXFileReference section */

/* Begin PBXFrameworksBuildPhase section */
		C360CE201FBF0D0D0037131A /* Frameworks */ = {
			isa = PBXFrameworksBuildPhase;
			buildActionMask = 2147483647;
			files = (
				8D38CDC794D6BCF5E8120DC8 /* Pods_LinkedInIOSHelperSwiftDemo.framework in Frameworks */,
			);
			runOnlyForDeploymentPostprocessing = 0;
		};
/* End PBXFrameworksBuildPhase section */

/* Begin PBXGroup section */
		6F0003F0E3E08C4402F2654A /* Pods */ = {
			isa = PBXGroup;
			children = (
				2CC9093AFE663DF983408A7D /* Pods-LinkedInIOSHelperSwiftDemo.debug.xcconfig */,
				2C5FC6390776BE4AD8C61C74 /* Pods-LinkedInIOSHelperSwiftDemo.release.xcconfig */,
			);
			name = Pods;
			sourceTree = "<group>";
		};
		A09A5E946B85D3FDDDA95240 /* Frameworks */ = {
			isa = PBXGroup;
			children = (
				18B65AB82C3B4597BA581E18 /* Pods_LinkedInIOSHelperSwiftDemo.framework */,
			);
			name = Frameworks;
			sourceTree = "<group>";
		};
		C360CE1A1FBF0D0D0037131A = {
			isa = PBXGroup;
			children = (
				C360CE251FBF0D0D0037131A /* LinkedInIOSHelperSwiftDemo */,
				C360CE241FBF0D0D0037131A /* Products */,
				6F0003F0E3E08C4402F2654A /* Pods */,
				A09A5E946B85D3FDDDA95240 /* Frameworks */,
			);
			sourceTree = "<group>";
		};
		C360CE241FBF0D0D0037131A /* Products */ = {
			isa = PBXGroup;
			children = (
				C360CE231FBF0D0D0037131A /* LinkedInIOSHelperSwiftDemo.app */,
			);
			name = Products;
			sourceTree = "<group>";
		};
		C360CE251FBF0D0D0037131A /* LinkedInIOSHelperSwiftDemo */ = {
			isa = PBXGroup;
			children = (
				C360CE261FBF0D0D0037131A /* AppDelegate.swift */,
				C360CE281FBF0D0D0037131A /* ViewController.swift */,
				C360CE2A1FBF0D0D0037131A /* Main.storyboard */,
				C360CE2D1FBF0D0D0037131A /* Assets.xcassets */,
				C360CE2F1FBF0D0D0037131A /* LaunchScreen.storyboard */,
				C360CE321FBF0D0D0037131A /* Info.plist */,
				C360CE3A1FBF0E2C0037131A /* LinkedInIOSHelperSwiftDemo-Bridging-Header.h */,
			);
			path = LinkedInIOSHelperSwiftDemo;
			sourceTree = "<group>";
		};
/* End PBXGroup section */

/* Begin PBXNativeTarget section */
		C360CE221FBF0D0D0037131A /* LinkedInIOSHelperSwiftDemo */ = {
			isa = PBXNativeTarget;
			buildConfigurationList = C360CE351FBF0D0D0037131A /* Build configuration list for PBXNativeTarget "LinkedInIOSHelperSwiftDemo" */;
			buildPhases = (
				032B8AB945F13F8EAA20D8EF /* [CP] Check Pods Manifest.lock */,
				C360CE1F1FBF0D0D0037131A /* Sources */,
				C360CE201FBF0D0D0037131A /* Frameworks */,
				C360CE211FBF0D0D0037131A /* Resources */,
				C1D420B483F61DAC18F29CFB /* [CP] Embed Pods Frameworks */,
				C6DF3D131B65709D7C101CB0 /* [CP] Copy Pods Resources */,
			);
			buildRules = (
			);
			dependencies = (
			);
			name = LinkedInIOSHelperSwiftDemo;
			productName = LinkedInIOSHelperSwiftDemo;
			productReference = C360CE231FBF0D0D0037131A /* LinkedInIOSHelperSwiftDemo.app */;
			productType = "com.apple.product-type.application";
		};
/* End PBXNativeTarget section */

/* Begin PBXProject section */
		C360CE1B1FBF0D0D0037131A /* Project object */ = {
			isa = PBXProject;
			attributes = {
				LastSwiftUpdateCheck = 0910;
				LastUpgradeCheck = 0940;
				ORGANIZATIONNAME = "AHMET KAZIM GUNAY";
				TargetAttributes = {
					C360CE221FBF0D0D0037131A = {
						CreatedOnToolsVersion = 9.1;
						LastSwiftMigration = 0910;
						ProvisioningStyle = Automatic;
					};
				};
			};
			buildConfigurationList = C360CE1E1FBF0D0D0037131A /* Build configuration list for PBXProject "LinkedInIOSHelperSwiftDemo" */;
			compatibilityVersion = "Xcode 8.0";
			developmentRegion = en;
			hasScannedForEncodings = 0;
			knownRegions = (
				en,
				Base,
			);
			mainGroup = C360CE1A1FBF0D0D0037131A;
			productRefGroup = C360CE241FBF0D0D0037131A /* Products */;
			projectDirPath = "";
			projectRoot = "";
			targets = (
				C360CE221FBF0D0D0037131A /* LinkedInIOSHelperSwiftDemo */,
			);
		};
/* End PBXProject section */

/* Begin PBXResourcesBuildPhase section */
		C360CE211FBF0D0D0037131A /* Resources */ = {
			isa = PBXResourcesBuildPhase;
			buildActionMask = 2147483647;
			files = (
				C360CE311FBF0D0D0037131A /* LaunchScreen.storyboard in Resources */,
				C360CE2E1FBF0D0D0037131A /* Assets.xcassets in Resources */,
				C360CE2C1FBF0D0D0037131A /* Main.storyboard in Resources */,
			);
			runOnlyForDeploymentPostprocessing = 0;
		};
/* End PBXResourcesBuildPhase section */

/* Begin PBXShellScriptBuildPhase section */
		032B8AB945F13F8EAA20D8EF /* [CP] Check Pods Manifest.lock */ = {
			isa = PBXShellScriptBuildPhase;
			buildActionMask = 2147483647;
			files = (
			);
			inputPaths = (
			);
			name = "[CP] Check Pods Manifest.lock";
			outputPaths = (
			);
			runOnlyForDeploymentPostprocessing = 0;
			shellPath = /bin/sh;
			shellScript = "diff \"${PODS_PODFILE_DIR_PATH}/Podfile.lock\" \"${PODS_ROOT}/Manifest.lock\" > /dev/null\nif [ $? != 0 ] ; then\n    # print error to STDERR\n    echo \"error: The sandbox is not in sync with the Podfile.lock. Run 'pod install' or update your CocoaPods installation.\" >&2\n    exit 1\nfi\n";
			showEnvVarsInLog = 0;
		};
		C1D420B483F61DAC18F29CFB /* [CP] Embed Pods Frameworks */ = {
			isa = PBXShellScriptBuildPhase;
			buildActionMask = 2147483647;
			files = (
			);
			inputPaths = (
			);
			name = "[CP] Embed Pods Frameworks";
			outputPaths = (
			);
			runOnlyForDeploymentPostprocessing = 0;
			shellPath = /bin/sh;
			shellScript = "\"${SRCROOT}/Pods/Target Support Files/Pods-LinkedInIOSHelperSwiftDemo/Pods-LinkedInIOSHelperSwiftDemo-frameworks.sh\"\n";
			showEnvVarsInLog = 0;
		};
		C6DF3D131B65709D7C101CB0 /* [CP] Copy Pods Resources */ = {
			isa = PBXShellScriptBuildPhase;
			buildActionMask = 2147483647;
			files = (
			);
			inputPaths = (
			);
			name = "[CP] Copy Pods Resources";
			outputPaths = (
			);
			runOnlyForDeploymentPostprocessing = 0;
			shellPath = /bin/sh;
			shellScript = "\"${SRCROOT}/Pods/Target Support Files/Pods-LinkedInIOSHelperSwiftDemo/Pods-LinkedInIOSHelperSwiftDemo-resources.sh\"\n";
			showEnvVarsInLog = 0;
		};
/* End PBXShellScriptBuildPhase section */

/* Begin PBXSourcesBuildPhase section */
		C360CE1F1FBF0D0D0037131A /* Sources */ = {
			isa = PBXSourcesBuildPhase;
			buildActionMask = 2147483647;
			files = (
				C360CE291FBF0D0D0037131A /* ViewController.swift in Sources */,
				C360CE271FBF0D0D0037131A /* AppDelegate.swift in Sources */,
			);
			runOnlyForDeploymentPostprocessing = 0;
		};
/* End PBXSourcesBuildPhase section */

/* Begin PBXVariantGroup section */
		C360CE2A1FBF0D0D0037131A /* Main.storyboard */ = {
			isa = PBXVariantGroup;
			children = (
				C360CE2B1FBF0D0D0037131A /* Base */,
			);
			name = Main.storyboard;
			sourceTree = "<group>";
		};
		C360CE2F1FBF0D0D0037131A /* LaunchScreen.storyboard */ = {
			isa = PBXVariantGroup;
			children = (
				C360CE301FBF0D0D0037131A /* Base */,
			);
			name = LaunchScreen.storyboard;
			sourceTree = "<group>";
		};
/* End PBXVariantGroup section */

/* Begin XCBuildConfiguration section */
		C360CE331FBF0D0D0037131A /* Debug */ = {
			isa = XCBuildConfiguration;
			buildSettings = {
				ALWAYS_SEARCH_USER_PATHS = NO;
				CLANG_ANALYZER_NONNULL = YES;
				CLANG_ANALYZER_NUMBER_OBJECT_CONVERSION = YES_AGGRESSIVE;
				CLANG_CXX_LANGUAGE_STANDARD = "gnu++14";
				CLANG_CXX_LIBRARY = "libc++";
				CLANG_ENABLE_MODULES = YES;
				CLANG_ENABLE_OBJC_ARC = YES;
				CLANG_WARN_BLOCK_CAPTURE_AUTORELEASING = YES;
				CLANG_WARN_BOOL_CONVERSION = YES;
				CLANG_WARN_COMMA = YES;
				CLANG_WARN_CONSTANT_CONVERSION = YES;
				CLANG_WARN_DEPRECATED_OBJC_IMPLEMENTATIONS = YES;
				CLANG_WARN_DIRECT_OBJC_ISA_USAGE = YES_ERROR;
				CLANG_WARN_DOCUMENTATION_COMMENTS = YES;
				CLANG_WARN_EMPTY_BODY = YES;
				CLANG_WARN_ENUM_CONVERSION = YES;
				CLANG_WARN_INFINITE_RECURSION = YES;
				CLANG_WARN_INT_CONVERSION = YES;
				CLANG_WARN_NON_LITERAL_NULL_CONVERSION = YES;
				CLANG_WARN_OBJC_IMPLICIT_RETAIN_SELF = YES;
				CLANG_WARN_OBJC_LITERAL_CONVERSION = YES;
				CLANG_WARN_OBJC_ROOT_CLASS = YES_ERROR;
				CLANG_WARN_RANGE_LOOP_ANALYSIS = YES;
				CLANG_WARN_STRICT_PROTOTYPES = YES;
				CLANG_WARN_SUSPICIOUS_MOVE = YES;
				CLANG_WARN_UNGUARDED_AVAILABILITY = YES_AGGRESSIVE;
				CLANG_WARN_UNREACHABLE_CODE = YES;
				CLANG_WARN__DUPLICATE_METHOD_MATCH = YES;
				CODE_SIGN_IDENTITY = "iPhone Developer";
				COPY_PHASE_STRIP = NO;
				DEBUG_INFORMATION_FORMAT = dwarf;
				ENABLE_STRICT_OBJC_MSGSEND = YES;
				ENABLE_TESTABILITY = YES;
				GCC_C_LANGUAGE_STANDARD = gnu11;
				GCC_DYNAMIC_NO_PIC = NO;
				GCC_NO_COMMON_BLOCKS = YES;
				GCC_OPTIMIZATION_LEVEL = 0;
				GCC_PREPROCESSOR_DEFINITIONS = (
					"DEBUG=1",
					"$(inherited)",
				);
				GCC_WARN_64_TO_32_BIT_CONVERSION = YES;
				GCC_WARN_ABOUT_RETURN_TYPE = YES_ERROR;
				GCC_WARN_UNDECLARED_SELECTOR = YES;
				GCC_WARN_UNINITIALIZED_AUTOS = YES_AGGRESSIVE;
				GCC_WARN_UNUSED_FUNCTION = YES;
				GCC_WARN_UNUSED_VARIABLE = YES;
				IPHONEOS_DEPLOYMENT_TARGET = 11.1;
				MTL_ENABLE_DEBUG_INFO = YES;
				ONLY_ACTIVE_ARCH = YES;
				SDKROOT = iphoneos;
				SWIFT_ACTIVE_COMPILATION_CONDITIONS = DEBUG;
				SWIFT_OPTIMIZATION_LEVEL = "-Onone";
			};
			name = Debug;
		};
		C360CE341FBF0D0D0037131A /* Release */ = {
			isa = XCBuildConfiguration;
			buildSettings = {
				ALWAYS_SEARCH_USER_PATHS = NO;
				CLANG_ANALYZER_NONNULL = YES;
				CLANG_ANALYZER_NUMBER_OBJECT_CONVERSION = YES_AGGRESSIVE;
				CLANG_CXX_LANGUAGE_STANDARD = "gnu++14";
				CLANG_CXX_LIBRARY = "libc++";
				CLANG_ENABLE_MODULES = YES;
				CLANG_ENABLE_OBJC_ARC = YES;
				CLANG_WARN_BLOCK_CAPTURE_AUTORELEASING = YES;
				CLANG_WARN_BOOL_CONVERSION = YES;
				CLANG_WARN_COMMA = YES;
				CLANG_WARN_CONSTANT_CONVERSION = YES;
				CLANG_WARN_DEPRECATED_OBJC_IMPLEMENTATIONS = YES;
				CLANG_WARN_DIRECT_OBJC_ISA_USAGE = YES_ERROR;
				CLANG_WARN_DOCUMENTATION_COMMENTS = YES;
				CLANG_WARN_EMPTY_BODY = YES;
				CLANG_WARN_ENUM_CONVERSION = YES;
				CLANG_WARN_INFINITE_RECURSION = YES;
				CLANG_WARN_INT_CONVERSION = YES;
				CLANG_WARN_NON_LITERAL_NULL_CONVERSION = YES;
				CLANG_WARN_OBJC_IMPLICIT_RETAIN_SELF = YES;
				CLANG_WARN_OBJC_LITERAL_CONVERSION = YES;
				CLANG_WARN_OBJC_ROOT_CLASS = YES_ERROR;
				CLANG_WARN_RANGE_LOOP_ANALYSIS = YES;
				CLANG_WARN_STRICT_PROTOTYPES = YES;
				CLANG_WARN_SUSPICIOUS_MOVE = YES;
				CLANG_WARN_UNGUARDED_AVAILABILITY = YES_AGGRESSIVE;
				CLANG_WARN_UNREACHABLE_CODE = YES;
				CLANG_WARN__DUPLICATE_METHOD_MATCH = YES;
				CODE_SIGN_IDENTITY = "iPhone Developer";
				COPY_PHASE_STRIP = NO;
				DEBUG_INFORMATION_FORMAT = "dwarf-with-dsym";
				ENABLE_NS_ASSERTIONS = NO;
				ENABLE_STRICT_OBJC_MSGSEND = YES;
				GCC_C_LANGUAGE_STANDARD = gnu11;
				GCC_NO_COMMON_BLOCKS = YES;
				GCC_WARN_64_TO_32_BIT_CONVERSION = YES;
				GCC_WARN_ABOUT_RETURN_TYPE = YES_ERROR;
				GCC_WARN_UNDECLARED_SELECTOR = YES;
				GCC_WARN_UNINITIALIZED_AUTOS = YES_AGGRESSIVE;
				GCC_WARN_UNUSED_FUNCTION = YES;
				GCC_WARN_UNUSED_VARIABLE = YES;
				IPHONEOS_DEPLOYMENT_TARGET = 11.1;
				MTL_ENABLE_DEBUG_INFO = NO;
				SDKROOT = iphoneos;
				SWIFT_OPTIMIZATION_LEVEL = "-Owholemodule";
				VALIDATE_PRODUCT = YES;
			};
			name = Release;
		};
		C360CE361FBF0D0D0037131A /* Debug */ = {
			isa = XCBuildConfiguration;
			baseConfigurationReference = 2CC9093AFE663DF983408A7D /* Pods-LinkedInIOSHelperSwiftDemo.debug.xcconfig */;
			buildSettings = {
				ASSETCATALOG_COMPILER_APPICON_NAME = AppIcon;
				CLANG_ENABLE_MODULES = YES;
				CODE_SIGN_STYLE = Automatic;
				INFOPLIST_FILE = LinkedInIOSHelperSwiftDemo/Info.plist;
				LD_RUNPATH_SEARCH_PATHS = "$(inherited) @executable_path/Frameworks";
				PRODUCT_BUNDLE_IDENTIFIER = com.ahmetkgunay.LinkedInIOSHelperSwiftDemo;
				PRODUCT_NAME = "$(TARGET_NAME)";
				SWIFT_OBJC_BRIDGING_HEADER = "LinkedInIOSHelperSwiftDemo/LinkedInIOSHelperSwiftDemo-Bridging-Header.h";
				SWIFT_OPTIMIZATION_LEVEL = "-Onone";
				SWIFT_VERSION = 4.0;
				TARGETED_DEVICE_FAMILY = "1,2";
			};
			name = Debug;
		};
		C360CE371FBF0D0D0037131A /* Release */ = {
			isa = XCBuildConfiguration;
			baseConfigurationReference = 2C5FC6390776BE4AD8C61C74 /* Pods-LinkedInIOSHelperSwiftDemo.release.xcconfig */;
			buildSettings = {
				ASSETCATALOG_COMPILER_APPICON_NAME = AppIcon;
				CLANG_ENABLE_MODULES = YES;
				CODE_SIGN_STYLE = Automatic;
				INFOPLIST_FILE = LinkedInIOSHelperSwiftDemo/Info.plist;
				LD_RUNPATH_SEARCH_PATHS = "$(inherited) @executable_path/Frameworks";
				PRODUCT_BUNDLE_IDENTIFIER = com.ahmetkgunay.LinkedInIOSHelperSwiftDemo;
				PRODUCT_NAME = "$(TARGET_NAME)";
				SWIFT_OBJC_BRIDGING_HEADER = "LinkedInIOSHelperSwiftDemo/LinkedInIOSHelperSwiftDemo-Bridging-Header.h";
				SWIFT_VERSION = 4.0;
				TARGETED_DEVICE_FAMILY = "1,2";
			};
			name = Release;
		};
/* End XCBuildConfiguration section */

/* Begin XCConfigurationList section */
		C360CE1E1FBF0D0D0037131A /* Build configuration list for PBXProject "LinkedInIOSHelperSwiftDemo" */ = {
			isa = XCConfigurationList;
			buildConfigurations = (
				C360CE331FBF0D0D0037131A /* Debug */,
				C360CE341FBF0D0D0037131A /* Release */,
			);
			defaultConfigurationIsVisible = 0;
			defaultConfigurationName = Release;
		};
		C360CE351FBF0D0D0037131A /* Build configuration list for PBXNativeTarget "LinkedInIOSHelperSwiftDemo" */ = {
			isa = XCConfigurationList;
			buildConfigurations = (
				C360CE361FBF0D0D0037131A /* Debug */,
				C360CE371FBF0D0D0037131A /* Release */,
			);
			defaultConfigurationIsVisible = 0;
			defaultConfigurationName = Release;
		};
/* End XCConfigurationList section */
	};
	rootObject = C360CE1B1FBF0D0D0037131A /* Project object */;
}
