PODS:
  - LinkedinIOSHelper (1.0.9)

DEPENDENCIES:
  - LinkedinIOSHelper (from `../`)

EXTERNAL SOURCES:
  LinkedinIOSHelper:
    :path: "../"

SPEC CHECKSUMS:
  LinkedinIOSHelper: 580d0abceb3eaee33c465ec72554fbbd37069d01

PODFILE CHECKSUM: 0d56cd903d6a1215480e79a237bee1e156ce3601

COCOAPODS: 1.9.1
