// !$*UTF8*$!
{
	archiveVersion = 1;
	classes = {
	};
	objectVersion = 46;
	objects = {

/* Begin PBXBuildFile section */
		530EBB66B5A9EAC629F91636 /* Pods_Demo.framework in Frameworks */ = {isa = PBXBuildFile; fileRef = 3F1ED7AD833C8EC3EA4A914F /* Pods_Demo.framework */; };
		72C220CF1AC42E2800AAC81A /* main.m in Sources */ = {isa = PBXBuildFile; fileRef = 72C220CE1AC42E2800AAC81A /* main.m */; };
		72C220D21AC42E2800AAC81A /* AppDelegate.m in Sources */ = {isa = PBXBuildFile; fileRef = 72C220D11AC42E2800AAC81A /* AppDelegate.m */; };
		72C220D51AC42E2800AAC81A /* ViewController.m in Sources */ = {isa = PBXBuildFile; fileRef = 72C220D41AC42E2800AAC81A /* ViewController.m */; };
		72C220D81AC42E2800AAC81A /* Main.storyboard in Resources */ = {isa = PBXBuildFile; fileRef = 72C220D61AC42E2800AAC81A /* Main.storyboard */; };
		72C220DA1AC42E2800AAC81A /* Images.xcassets in Resources */ = {isa = PBXBuildFile; fileRef = 72C220D91AC42E2800AAC81A /* Images.xcassets */; };
		72C220DD1AC42E2800AAC81A /* LaunchScreen.xib in Resources */ = {isa = PBXBuildFile; fileRef = 72C220DB1AC42E2800AAC81A /* LaunchScreen.xib */; };
		72C220E91AC42E2800AAC81A /* DemoTests.m in Sources */ = {isa = PBXBuildFile; fileRef = 72C220E81AC42E2800AAC81A /* DemoTests.m */; };
		F1361D88A41B57EAE4385323 /* Pods_DemoTests.framework in Frameworks */ = {isa = PBXBuildFile; fileRef = CC4D60975176AE882A88F0F2 /* Pods_DemoTests.framework */; };
/* End PBXBuildFile section */

/* Begin PBXContainerItemProxy section */
		72C220E31AC42E2800AAC81A /* PBXContainerItemProxy */ = {
			isa = PBXContainerItemProxy;
			containerPortal = 72C220C11AC42E2800AAC81A /* Project object */;
			proxyType = 1;
			remoteGlobalIDString = 72C220C81AC42E2800AAC81A;
			remoteInfo = Demo;
		};
/* End PBXContainerItemProxy section */

/* Begin PBXFileReference section */
		0EC6ECE1B05747C46AFA5B64 /* Pods-DemoTests.debug.xcconfig */ = {isa = PBXFileReference; includeInIndex = 1; lastKnownFileType = text.xcconfig; name = "Pods-DemoTests.debug.xcconfig"; path = "Target Support Files/Pods-DemoTests/Pods-DemoTests.debug.xcconfig"; sourceTree = "<group>"; };
		1EB2ABA68AEE5B3C657CBB3D /* Pods-Demo.debug.xcconfig */ = {isa = PBXFileReference; includeInIndex = 1; lastKnownFileType = text.xcconfig; name = "Pods-Demo.debug.xcconfig"; path = "Target Support Files/Pods-Demo/Pods-Demo.debug.xcconfig"; sourceTree = "<group>"; };
		3F1ED7AD833C8EC3EA4A914F /* Pods_Demo.framework */ = {isa = PBXFileReference; explicitFileType = wrapper.framework; includeInIndex = 0; path = Pods_Demo.framework; sourceTree = BUILT_PRODUCTS_DIR; };
		72C220C91AC42E2800AAC81A /* Demo.app */ = {isa = PBXFileReference; explicitFileType = wrapper.application; includeInIndex = 0; path = Demo.app; sourceTree = BUILT_PRODUCTS_DIR; };
		72C220CD1AC42E2800AAC81A /* Info.plist */ = {isa = PBXFileReference; lastKnownFileType = text.plist.xml; path = Info.plist; sourceTree = "<group>"; };
		72C220CE1AC42E2800AAC81A /* main.m */ = {isa = PBXFileReference; lastKnownFileType = sourcecode.c.objc; path = main.m; sourceTree = "<group>"; };
		72C220D01AC42E2800AAC81A /* AppDelegate.h */ = {isa = PBXFileReference; lastKnownFileType = sourcecode.c.h; path = AppDelegate.h; sourceTree = "<group>"; };
		72C220D11AC42E2800AAC81A /* AppDelegate.m */ = {isa = PBXFileReference; lastKnownFileType = sourcecode.c.objc; path = AppDelegate.m; sourceTree = "<group>"; };
		72C220D31AC42E2800AAC81A /* ViewController.h */ = {isa = PBXFileReference; lastKnownFileType = sourcecode.c.h; path = ViewController.h; sourceTree = "<group>"; };
		72C220D41AC42E2800AAC81A /* ViewController.m */ = {isa = PBXFileReference; lastKnownFileType = sourcecode.c.objc; path = ViewController.m; sourceTree = "<group>"; };
		72C220D71AC42E2800AAC81A /* Base */ = {isa = PBXFileReference; lastKnownFileType = file.storyboard; name = Base; path = Base.lproj/Main.storyboard; sourceTree = "<group>"; };
		72C220D91AC42E2800AAC81A /* Images.xcassets */ = {isa = PBXFileReference; lastKnownFileType = folder.assetcatalog; path = Images.xcassets; sourceTree = "<group>"; };
		72C220DC1AC42E2800AAC81A /* Base */ = {isa = PBXFileReference; lastKnownFileType = file.xib; name = Base; path = Base.lproj/LaunchScreen.xib; sourceTree = "<group>"; };
		72C220E21AC42E2800AAC81A /* DemoTests.xctest */ = {isa = PBXFileReference; explicitFileType = wrapper.cfbundle; includeInIndex = 0; path = DemoTests.xctest; sourceTree = BUILT_PRODUCTS_DIR; };
		72C220E71AC42E2800AAC81A /* Info.plist */ = {isa = PBXFileReference; lastKnownFileType = text.plist.xml; path = Info.plist; sourceTree = "<group>"; };
		72C220E81AC42E2800AAC81A /* DemoTests.m */ = {isa = PBXFileReference; lastKnownFileType = sourcecode.c.objc; path = DemoTests.m; sourceTree = "<group>"; };
		849441380D5F48B870CFC40C /* Pods-Demo.release.xcconfig */ = {isa = PBXFileReference; includeInIndex = 1; lastKnownFileType = text.xcconfig; name = "Pods-Demo.release.xcconfig"; path = "Target Support Files/Pods-Demo/Pods-Demo.release.xcconfig"; sourceTree = "<group>"; };
		CC4D60975176AE882A88F0F2 /* Pods_DemoTests.framework */ = {isa = PBXFileReference; explicitFileType = wrapper.framework; includeInIndex = 0; path = Pods_DemoTests.framework; sourceTree = BUILT_PRODUCTS_DIR; };
		E6E6DF4831681EAF6519B42D /* Pods-DemoTests.release.xcconfig */ = {isa = PBXFileReference; includeInIndex = 1; lastKnownFileType = text.xcconfig; name = "Pods-DemoTests.release.xcconfig"; path = "Target Support Files/Pods-DemoTests/Pods-DemoTests.release.xcconfig"; sourceTree = "<group>"; };
/* End PBXFileReference section */

/* Begin PBXFrameworksBuildPhase section */
		72C220C61AC42E2800AAC81A /* Frameworks */ = {
			isa = PBXFrameworksBuildPhase;
			buildActionMask = 2147483647;
			files = (
				530EBB66B5A9EAC629F91636 /* Pods_Demo.framework in Frameworks */,
			);
			runOnlyForDeploymentPostprocessing = 0;
		};
		72C220DF1AC42E2800AAC81A /* Frameworks */ = {
			isa = PBXFrameworksBuildPhase;
			buildActionMask = 2147483647;
			files = (
				F1361D88A41B57EAE4385323 /* Pods_DemoTests.framework in Frameworks */,
			);
			runOnlyForDeploymentPostprocessing = 0;
		};
/* End PBXFrameworksBuildPhase section */

/* Begin PBXGroup section */
		1CA6E47143677FE97A1C94F6 /* Pods */ = {
			isa = PBXGroup;
			children = (
				1EB2ABA68AEE5B3C657CBB3D /* Pods-Demo.debug.xcconfig */,
				849441380D5F48B870CFC40C /* Pods-Demo.release.xcconfig */,
				0EC6ECE1B05747C46AFA5B64 /* Pods-DemoTests.debug.xcconfig */,
				E6E6DF4831681EAF6519B42D /* Pods-DemoTests.release.xcconfig */,
			);
			path = Pods;
			sourceTree = "<group>";
		};
		3A93CAD7F7969BB592D40BC1 /* Frameworks */ = {
			isa = PBXGroup;
			children = (
				3F1ED7AD833C8EC3EA4A914F /* Pods_Demo.framework */,
				CC4D60975176AE882A88F0F2 /* Pods_DemoTests.framework */,
			);
			name = Frameworks;
			sourceTree = "<group>";
		};
		72C220C01AC42E2800AAC81A = {
			isa = PBXGroup;
			children = (
				72C220CB1AC42E2800AAC81A /* Demo */,
				72C220E51AC42E2800AAC81A /* DemoTests */,
				72C220CA1AC42E2800AAC81A /* Products */,
				1CA6E47143677FE97A1C94F6 /* Pods */,
				3A93CAD7F7969BB592D40BC1 /* Frameworks */,
			);
			sourceTree = "<group>";
		};
		72C220CA1AC42E2800AAC81A /* Products */ = {
			isa = PBXGroup;
			children = (
				72C220C91AC42E2800AAC81A /* Demo.app */,
				72C220E21AC42E2800AAC81A /* DemoTests.xctest */,
			);
			name = Products;
			sourceTree = "<group>";
		};
		72C220CB1AC42E2800AAC81A /* Demo */ = {
			isa = PBXGroup;
			children = (
				72C220D01AC42E2800AAC81A /* AppDelegate.h */,
				72C220D11AC42E2800AAC81A /* AppDelegate.m */,
				72C220D31AC42E2800AAC81A /* ViewController.h */,
				72C220D41AC42E2800AAC81A /* ViewController.m */,
				72C220D61AC42E2800AAC81A /* Main.storyboard */,
				72C220D91AC42E2800AAC81A /* Images.xcassets */,
				72C220DB1AC42E2800AAC81A /* LaunchScreen.xib */,
				72C220CC1AC42E2800AAC81A /* Supporting Files */,
			);
			path = Demo;
			sourceTree = "<group>";
		};
		72C220CC1AC42E2800AAC81A /* Supporting Files */ = {
			isa = PBXGroup;
			children = (
				72C220CD1AC42E2800AAC81A /* Info.plist */,
				72C220CE1AC42E2800AAC81A /* main.m */,
			);
			name = "Supporting Files";
			sourceTree = "<group>";
		};
		72C220E51AC42E2800AAC81A /* DemoTests */ = {
			isa = PBXGroup;
			children = (
				72C220E81AC42E2800AAC81A /* DemoTests.m */,
				72C220E61AC42E2800AAC81A /* Supporting Files */,
			);
			path = DemoTests;
			sourceTree = "<group>";
		};
		72C220E61AC42E2800AAC81A /* Supporting Files */ = {
			isa = PBXGroup;
			children = (
				72C220E71AC42E2800AAC81A /* Info.plist */,
			);
			name = "Supporting Files";
			sourceTree = "<group>";
		};
/* End PBXGroup section */

/* Begin PBXNativeTarget section */
		72C220C81AC42E2800AAC81A /* Demo */ = {
			isa = PBXNativeTarget;
			buildConfigurationList = 72C220EC1AC42E2800AAC81A /* Build configuration list for PBXNativeTarget "Demo" */;
			buildPhases = (
				F34C3791CA3EC6593EF9E7FF /* [CP] Check Pods Manifest.lock */,
				72C220C51AC42E2800AAC81A /* Sources */,
				72C220C61AC42E2800AAC81A /* Frameworks */,
				72C220C71AC42E2800AAC81A /* Resources */,
				BC5303E7B9BC8CB0A664C389 /* [CP] Embed Pods Frameworks */,
			);
			buildRules = (
			);
			dependencies = (
			);
			name = Demo;
			productName = Demo;
			productReference = 72C220C91AC42E2800AAC81A /* Demo.app */;
			productType = "com.apple.product-type.application";
		};
		72C220E11AC42E2800AAC81A /* DemoTests */ = {
			isa = PBXNativeTarget;
			buildConfigurationList = 72C220EF1AC42E2800AAC81A /* Build configuration list for PBXNativeTarget "DemoTests" */;
			buildPhases = (
				B7618429B2DBC820C8C49792 /* [CP] Check Pods Manifest.lock */,
				72C220DE1AC42E2800AAC81A /* Sources */,
				72C220DF1AC42E2800AAC81A /* Frameworks */,
				72C220E01AC42E2800AAC81A /* Resources */,
			);
			buildRules = (
			);
			dependencies = (
				72C220E41AC42E2800AAC81A /* PBXTargetDependency */,
			);
			name = DemoTests;
			productName = DemoTests;
			productReference = 72C220E21AC42E2800AAC81A /* DemoTests.xctest */;
			productType = "com.apple.product-type.bundle.unit-test";
		};
/* End PBXNativeTarget section */

/* Begin PBXProject section */
		72C220C11AC42E2800AAC81A /* Project object */ = {
			isa = PBXProject;
			attributes = {
				LastUpgradeCheck = 0910;
				ORGANIZATIONNAME = "Ahmet Kazım Günay";
				TargetAttributes = {
					72C220C81AC42E2800AAC81A = {
						CreatedOnToolsVersion = 6.1.1;
					};
					72C220E11AC42E2800AAC81A = {
						CreatedOnToolsVersion = 6.1.1;
						TestTargetID = 72C220C81AC42E2800AAC81A;
					};
				};
			};
			buildConfigurationList = 72C220C41AC42E2800AAC81A /* Build configuration list for PBXProject "Demo" */;
			compatibilityVersion = "Xcode 3.2";
			developmentRegion = English;
			hasScannedForEncodings = 0;
			knownRegions = (
				English,
				en,
				Base,
			);
			mainGroup = 72C220C01AC42E2800AAC81A;
			productRefGroup = 72C220CA1AC42E2800AAC81A /* Products */;
			projectDirPath = "";
			projectRoot = "";
			targets = (
				72C220C81AC42E2800AAC81A /* Demo */,
				72C220E11AC42E2800AAC81A /* DemoTests */,
			);
		};
/* End PBXProject section */

/* Begin PBXResourcesBuildPhase section */
		72C220C71AC42E2800AAC81A /* Resources */ = {
			isa = PBXResourcesBuildPhase;
			buildActionMask = 2147483647;
			files = (
				72C220D81AC42E2800AAC81A /* Main.storyboard in Resources */,
				72C220DD1AC42E2800AAC81A /* LaunchScreen.xib in Resources */,
				72C220DA1AC42E2800AAC81A /* Images.xcassets in Resources */,
			);
			runOnlyForDeploymentPostprocessing = 0;
		};
		72C220E01AC42E2800AAC81A /* Resources */ = {
			isa = PBXResourcesBuildPhase;
			buildActionMask = 2147483647;
			files = (
			);
			runOnlyForDeploymentPostprocessing = 0;
		};
/* End PBXResourcesBuildPhase section */

/* Begin PBXShellScriptBuildPhase section */
		B7618429B2DBC820C8C49792 /* [CP] Check Pods Manifest.lock */ = {
			isa = PBXShellScriptBuildPhase;
			buildActionMask = 2147483647;
			files = (
			);
			inputFileListPaths = (
			);
			inputPaths = (
				"${PODS_PODFILE_DIR_PATH}/Podfile.lock",
				"${PODS_ROOT}/Manifest.lock",
			);
			name = "[CP] Check Pods Manifest.lock";
			outputFileListPaths = (
			);
			outputPaths = (
				"$(DERIVED_FILE_DIR)/Pods-DemoTests-checkManifestLockResult.txt",
			);
			runOnlyForDeploymentPostprocessing = 0;
			shellPath = /bin/sh;
			shellScript = "diff \"${PODS_PODFILE_DIR_PATH}/Podfile.lock\" \"${PODS_ROOT}/Manifest.lock\" > /dev/null\nif [ $? != 0 ] ; then\n    # print error to STDERR\n    echo \"error: The sandbox is not in sync with the Podfile.lock. Run 'pod install' or update your CocoaPods installation.\" >&2\n    exit 1\nfi\n# This output is used by Xcode 'outputs' to avoid re-running this script phase.\necho \"SUCCESS\" > \"${SCRIPT_OUTPUT_FILE_0}\"\n";
			showEnvVarsInLog = 0;
		};
		BC5303E7B9BC8CB0A664C389 /* [CP] Embed Pods Frameworks */ = {
			isa = PBXShellScriptBuildPhase;
			buildActionMask = 2147483647;
			files = (
			);
			inputPaths = (
				"${PODS_ROOT}/Target Support Files/Pods-Demo/Pods-Demo-frameworks.sh",
				"${BUILT_PRODUCTS_DIR}/LinkedinIOSHelper/LinkedinIOSHelper.framework",
			);
			name = "[CP] Embed Pods Frameworks";
			outputPaths = (
				"${TARGET_BUILD_DIR}/${FRAMEWORKS_FOLDER_PATH}/LinkedinIOSHelper.framework",
			);
			runOnlyForDeploymentPostprocessing = 0;
			shellPath = /bin/sh;
			shellScript = "\"${PODS_ROOT}/Target Support Files/Pods-Demo/Pods-Demo-frameworks.sh\"\n";
			showEnvVarsInLog = 0;
		};
		F34C3791CA3EC6593EF9E7FF /* [CP] Check Pods Manifest.lock */ = {
			isa = PBXShellScriptBuildPhase;
			buildActionMask = 2147483647;
			files = (
			);
			inputFileListPaths = (
			);
			inputPaths = (
				"${PODS_PODFILE_DIR_PATH}/Podfile.lock",
				"${PODS_ROOT}/Manifest.lock",
			);
			name = "[CP] Check Pods Manifest.lock";
			outputFileListPaths = (
			);
			outputPaths = (
				"$(DERIVED_FILE_DIR)/Pods-Demo-checkManifestLockResult.txt",
			);
			runOnlyForDeploymentPostprocessing = 0;
			shellPath = /bin/sh;
			shellScript = "diff \"${PODS_PODFILE_DIR_PATH}/Podfile.lock\" \"${PODS_ROOT}/Manifest.lock\" > /dev/null\nif [ $? != 0 ] ; then\n    # print error to STDERR\n    echo \"error: The sandbox is not in sync with the Podfile.lock. Run 'pod install' or update your CocoaPods installation.\" >&2\n    exit 1\nfi\n# This output is used by Xcode 'outputs' to avoid re-running this script phase.\necho \"SUCCESS\" > \"${SCRIPT_OUTPUT_FILE_0}\"\n";
			showEnvVarsInLog = 0;
		};
/* End PBXShellScriptBuildPhase section */

/* Begin PBXSourcesBuildPhase section */
		72C220C51AC42E2800AAC81A /* Sources */ = {
			isa = PBXSourcesBuildPhase;
			buildActionMask = 2147483647;
			files = (
				72C220D51AC42E2800AAC81A /* ViewController.m in Sources */,
				72C220D21AC42E2800AAC81A /* AppDelegate.m in Sources */,
				72C220CF1AC42E2800AAC81A /* main.m in Sources */,
			);
			runOnlyForDeploymentPostprocessing = 0;
		};
		72C220DE1AC42E2800AAC81A /* Sources */ = {
			isa = PBXSourcesBuildPhase;
			buildActionMask = 2147483647;
			files = (
				72C220E91AC42E2800AAC81A /* DemoTests.m in Sources */,
			);
			runOnlyForDeploymentPostprocessing = 0;
		};
/* End PBXSourcesBuildPhase section */

/* Begin PBXTargetDependency section */
		72C220E41AC42E2800AAC81A /* PBXTargetDependency */ = {
			isa = PBXTargetDependency;
			target = 72C220C81AC42E2800AAC81A /* Demo */;
			targetProxy = 72C220E31AC42E2800AAC81A /* PBXContainerItemProxy */;
		};
/* End PBXTargetDependency section */

/* Begin PBXVariantGroup section */
		72C220D61AC42E2800AAC81A /* Main.storyboard */ = {
			isa = PBXVariantGroup;
			children = (
				72C220D71AC42E2800AAC81A /* Base */,
			);
			name = Main.storyboard;
			sourceTree = "<group>";
		};
		72C220DB1AC42E2800AAC81A /* LaunchScreen.xib */ = {
			isa = PBXVariantGroup;
			children = (
				72C220DC1AC42E2800AAC81A /* Base */,
			);
			name = LaunchScreen.xib;
			sourceTree = "<group>";
		};
/* End PBXVariantGroup section */

/* Begin XCBuildConfiguration section */
		72C220EA1AC42E2800AAC81A /* Debug */ = {
			isa = XCBuildConfiguration;
			buildSettings = {
				ALWAYS_SEARCH_USER_PATHS = NO;
				CLANG_CXX_LANGUAGE_STANDARD = "gnu++0x";
				CLANG_CXX_LIBRARY = "libc++";
				CLANG_ENABLE_MODULES = YES;
				CLANG_ENABLE_OBJC_ARC = YES;
				CLANG_WARN_BLOCK_CAPTURE_AUTORELEASING = YES;
				CLANG_WARN_BOOL_CONVERSION = YES;
				CLANG_WARN_COMMA = YES;
				CLANG_WARN_CONSTANT_CONVERSION = YES;
				CLANG_WARN_DIRECT_OBJC_ISA_USAGE = YES_ERROR;
				CLANG_WARN_EMPTY_BODY = YES;
				CLANG_WARN_ENUM_CONVERSION = YES;
				CLANG_WARN_INFINITE_RECURSION = YES;
				CLANG_WARN_INT_CONVERSION = YES;
				CLANG_WARN_NON_LITERAL_NULL_CONVERSION = YES;
				CLANG_WARN_OBJC_LITERAL_CONVERSION = YES;
				CLANG_WARN_OBJC_ROOT_CLASS = YES_ERROR;
				CLANG_WARN_RANGE_LOOP_ANALYSIS = YES;
				CLANG_WARN_STRICT_PROTOTYPES = YES;
				CLANG_WARN_SUSPICIOUS_MOVE = YES;
				CLANG_WARN_UNREACHABLE_CODE = YES;
				CLANG_WARN__DUPLICATE_METHOD_MATCH = YES;
				"CODE_SIGN_IDENTITY[sdk=iphoneos*]" = "iPhone Developer";
				COPY_PHASE_STRIP = NO;
				ENABLE_STRICT_OBJC_MSGSEND = YES;
				ENABLE_TESTABILITY = YES;
				GCC_C_LANGUAGE_STANDARD = gnu99;
				GCC_DYNAMIC_NO_PIC = NO;
				GCC_NO_COMMON_BLOCKS = YES;
				GCC_OPTIMIZATION_LEVEL = 0;
				GCC_PREPROCESSOR_DEFINITIONS = (
					"DEBUG=1",
					"$(inherited)",
				);
				GCC_SYMBOLS_PRIVATE_EXTERN = NO;
				GCC_WARN_64_TO_32_BIT_CONVERSION = YES;
				GCC_WARN_ABOUT_RETURN_TYPE = YES_ERROR;
				GCC_WARN_UNDECLARED_SELECTOR = YES;
				GCC_WARN_UNINITIALIZED_AUTOS = YES_AGGRESSIVE;
				GCC_WARN_UNUSED_FUNCTION = YES;
				GCC_WARN_UNUSED_VARIABLE = YES;
				IPHONEOS_DEPLOYMENT_TARGET = 8.1;
				MTL_ENABLE_DEBUG_INFO = YES;
				ONLY_ACTIVE_ARCH = YES;
				SDKROOT = iphoneos;
			};
			name = Debug;
		};
		72C220EB1AC42E2800AAC81A /* Release */ = {
			isa = XCBuildConfiguration;
			buildSettings = {
				ALWAYS_SEARCH_USER_PATHS = NO;
				CLANG_CXX_LANGUAGE_STANDARD = "gnu++0x";
				CLANG_CXX_LIBRARY = "libc++";
				CLANG_ENABLE_MODULES = YES;
				CLANG_ENABLE_OBJC_ARC = YES;
				CLANG_WARN_BLOCK_CAPTURE_AUTORELEASING = YES;
				CLANG_WARN_BOOL_CONVERSION = YES;
				CLANG_WARN_COMMA = YES;
				CLANG_WARN_CONSTANT_CONVERSION = YES;
				CLANG_WARN_DIRECT_OBJC_ISA_USAGE = YES_ERROR;
				CLANG_WARN_EMPTY_BODY = YES;
				CLANG_WARN_ENUM_CONVERSION = YES;
				CLANG_WARN_INFINITE_RECURSION = YES;
				CLANG_WARN_INT_CONVERSION = YES;
				CLANG_WARN_NON_LITERAL_NULL_CONVERSION = YES;
				CLANG_WARN_OBJC_LITERAL_CONVERSION = YES;
				CLANG_WARN_OBJC_ROOT_CLASS = YES_ERROR;
				CLANG_WARN_RANGE_LOOP_ANALYSIS = YES;
				CLANG_WARN_STRICT_PROTOTYPES = YES;
				CLANG_WARN_SUSPICIOUS_MOVE = YES;
				CLANG_WARN_UNREACHABLE_CODE = YES;
				CLANG_WARN__DUPLICATE_METHOD_MATCH = YES;
				"CODE_SIGN_IDENTITY[sdk=iphoneos*]" = "iPhone Developer";
				COPY_PHASE_STRIP = YES;
				ENABLE_NS_ASSERTIONS = NO;
				ENABLE_STRICT_OBJC_MSGSEND = YES;
				GCC_C_LANGUAGE_STANDARD = gnu99;
				GCC_NO_COMMON_BLOCKS = YES;
				GCC_WARN_64_TO_32_BIT_CONVERSION = YES;
				GCC_WARN_ABOUT_RETURN_TYPE = YES_ERROR;
				GCC_WARN_UNDECLARED_SELECTOR = YES;
				GCC_WARN_UNINITIALIZED_AUTOS = YES_AGGRESSIVE;
				GCC_WARN_UNUSED_FUNCTION = YES;
				GCC_WARN_UNUSED_VARIABLE = YES;
				IPHONEOS_DEPLOYMENT_TARGET = 8.1;
				MTL_ENABLE_DEBUG_INFO = NO;
				SDKROOT = iphoneos;
				VALIDATE_PRODUCT = YES;
			};
			name = Release;
		};
		72C220ED1AC42E2800AAC81A /* Debug */ = {
			isa = XCBuildConfiguration;
			baseConfigurationReference = 1EB2ABA68AEE5B3C657CBB3D /* Pods-Demo.debug.xcconfig */;
			buildSettings = {
				ASSETCATALOG_COMPILER_APPICON_NAME = AppIcon;
				INFOPLIST_FILE = Demo/Info.plist;
				IPHONEOS_DEPLOYMENT_TARGET = 8.0;
				LD_RUNPATH_SEARCH_PATHS = "$(inherited) @executable_path/Frameworks";
				PRODUCT_BUNDLE_IDENTIFIER = "com.ahmetkgunay.$(PRODUCT_NAME:rfc1034identifier)";
				PRODUCT_NAME = "$(TARGET_NAME)";
				TARGETED_DEVICE_FAMILY = "1,2";
			};
			name = Debug;
		};
		72C220EE1AC42E2800AAC81A /* Release */ = {
			isa = XCBuildConfiguration;
			baseConfigurationReference = 849441380D5F48B870CFC40C /* Pods-Demo.release.xcconfig */;
			buildSettings = {
				ASSETCATALOG_COMPILER_APPICON_NAME = AppIcon;
				INFOPLIST_FILE = Demo/Info.plist;
				IPHONEOS_DEPLOYMENT_TARGET = 8.0;
				LD_RUNPATH_SEARCH_PATHS = "$(inherited) @executable_path/Frameworks";
				PRODUCT_BUNDLE_IDENTIFIER = "com.ahmetkgunay.$(PRODUCT_NAME:rfc1034identifier)";
				PRODUCT_NAME = "$(TARGET_NAME)";
				TARGETED_DEVICE_FAMILY = "1,2";
			};
			name = Release;
		};
		72C220F01AC42E2800AAC81A /* Debug */ = {
			isa = XCBuildConfiguration;
			baseConfigurationReference = 0EC6ECE1B05747C46AFA5B64 /* Pods-DemoTests.debug.xcconfig */;
			buildSettings = {
				BUNDLE_LOADER = "$(TEST_HOST)";
				FRAMEWORK_SEARCH_PATHS = (
					"$(SDKROOT)/Developer/Library/Frameworks",
					"$(inherited)",
				);
				GCC_PREPROCESSOR_DEFINITIONS = (
					"DEBUG=1",
					"$(inherited)",
				);
				INFOPLIST_FILE = DemoTests/Info.plist;
				LD_RUNPATH_SEARCH_PATHS = "$(inherited) @executable_path/Frameworks @loader_path/Frameworks";
				PRODUCT_BUNDLE_IDENTIFIER = "ahmetkgunay.$(PRODUCT_NAME:rfc1034identifier)";
				PRODUCT_NAME = "$(TARGET_NAME)";
				TEST_HOST = "$(BUILT_PRODUCTS_DIR)/Demo.app/Demo";
			};
			name = Debug;
		};
		72C220F11AC42E2800AAC81A /* Release */ = {
			isa = XCBuildConfiguration;
			baseConfigurationReference = E6E6DF4831681EAF6519B42D /* Pods-DemoTests.release.xcconfig */;
			buildSettings = {
				BUNDLE_LOADER = "$(TEST_HOST)";
				FRAMEWORK_SEARCH_PATHS = (
					"$(SDKROOT)/Developer/Library/Frameworks",
					"$(inherited)",
				);
				INFOPLIST_FILE = DemoTests/Info.plist;
				LD_RUNPATH_SEARCH_PATHS = "$(inherited) @executable_path/Frameworks @loader_path/Frameworks";
				PRODUCT_BUNDLE_IDENTIFIER = "ahmetkgunay.$(PRODUCT_NAME:rfc1034identifier)";
				PRODUCT_NAME = "$(TARGET_NAME)";
				TEST_HOST = "$(BUILT_PRODUCTS_DIR)/Demo.app/Demo";
			};
			name = Release;
		};
/* End XCBuildConfiguration section */

/* Begin XCConfigurationList section */
		72C220C41AC42E2800AAC81A /* Build configuration list for PBXProject "Demo" */ = {
			isa = XCConfigurationList;
			buildConfigurations = (
				72C220EA1AC42E2800AAC81A /* Debug */,
				72C220EB1AC42E2800AAC81A /* Release */,
			);
			defaultConfigurationIsVisible = 0;
			defaultConfigurationName = Release;
		};
		72C220EC1AC42E2800AAC81A /* Build configuration list for PBXNativeTarget "Demo" */ = {
			isa = XCConfigurationList;
			buildConfigurations = (
				72C220ED1AC42E2800AAC81A /* Debug */,
				72C220EE1AC42E2800AAC81A /* Release */,
			);
			defaultConfigurationIsVisible = 0;
			defaultConfigurationName = Release;
		};
		72C220EF1AC42E2800AAC81A /* Build configuration list for PBXNativeTarget "DemoTests" */ = {
			isa = XCConfigurationList;
			buildConfigurations = (
				72C220F01AC42E2800AAC81A /* Debug */,
				72C220F11AC42E2800AAC81A /* Release */,
			);
			defaultConfigurationIsVisible = 0;
			defaultConfigurationName = Release;
		};
/* End XCConfigurationList section */
	};
	rootObject = 72C220C11AC42E2800AAC81A /* Project object */;
}
